// !$*UTF8*$!
{
	archiveVersion = 1;
	classes = {
	};
	objectVersion = 46;
	objects = {

/* Begin PBXBuildFile section */
		7B013DB119D817BC0015DEBB /* netlink.m in Sources */ = {isa = PBXBuildFile; fileRef = 7B6FEF5E1934E6EC00F3DBE7 /* netlink.m */; };
		7B4055ED19352411008BB9ED /* dnsmasqKit.h in Headers */ = {isa = PBXBuildFile; fileRef = 7B4055EB19352411008BB9ED /* dnsmasqKit.h */; };
		7B6FEF691934E6EC00F3DBE7 /* config.h in Headers */ = {isa = PBXBuildFile; fileRef = 7B6FEF451934E6EC00F3DBE7 /* config.h */; settings = {ATTRIBUTES = (Public, ); }; };
		7B6FEF6A1934E6EC00F3DBE7 /* dhcp-protocol.h in Headers */ = {isa = PBXBuildFile; fileRef = 7B6FEF461934E6EC00F3DBE7 /* dhcp-protocol.h */; settings = {ATTRIBUTES = (Public, ); }; };
		7B6FEF6B1934E6EC00F3DBE7 /* dhcp6-protocol.h in Headers */ = {isa = PBXBuildFile; fileRef = 7B6FEF471934E6EC00F3DBE7 /* dhcp6-protocol.h */; settings = {ATTRIBUTES = (Public, ); }; };
		7B6FEF6C1934E6EC00F3DBE7 /* dns-protocol.h in Headers */ = {isa = PBXBuildFile; fileRef = 7B6FEF481934E6EC00F3DBE7 /* dns-protocol.h */; settings = {ATTRIBUTES = (Public, ); }; };
		7B6FEF6D1934E6EC00F3DBE7 /* dnsmasq.h in Headers */ = {isa = PBXBuildFile; fileRef = 7B6FEF491934E6EC00F3DBE7 /* dnsmasq.h */; settings = {ATTRIBUTES = (Public, ); }; };
		7B6FEF6E1934E6EC00F3DBE7 /* ip6addr.h in Headers */ = {isa = PBXBuildFile; fileRef = 7B6FEF4A1934E6EC00F3DBE7 /* ip6addr.h */; settings = {ATTRIBUTES = (Public, ); }; };
		7B6FEF6F1934E6EC00F3DBE7 /* radv-protocol.h in Headers */ = {isa = PBXBuildFile; fileRef = 7B6FEF4B1934E6EC00F3DBE7 /* radv-protocol.h */; settings = {ATTRIBUTES = (Public, ); }; };
		7B6FEF701934E6EC00F3DBE7 /* auth.m in Sources */ = {isa = PBXBuildFile; fileRef = 7B6FEF4D1934E6EC00F3DBE7 /* auth.m */; };
		7B6FEF711934E6EC00F3DBE7 /* blockdata.m in Sources */ = {isa = PBXBuildFile; fileRef = 7B6FEF4E1934E6EC00F3DBE7 /* blockdata.m */; };
		7B6FEF721934E6EC00F3DBE7 /* bpf.m in Sources */ = {isa = PBXBuildFile; fileRef = 7B6FEF4F1934E6EC00F3DBE7 /* bpf.m */; };
		7B6FEF731934E6EC00F3DBE7 /* cache.m in Sources */ = {isa = PBXBuildFile; fileRef = 7B6FEF501934E6EC00F3DBE7 /* cache.m */; };
		7B6FEF741934E6EC00F3DBE7 /* conntrack.m in Sources */ = {isa = PBXBuildFile; fileRef = 7B6FEF511934E6EC00F3DBE7 /* conntrack.m */; };
		7B6FEF751934E6EC00F3DBE7 /* dbus.m in Sources */ = {isa = PBXBuildFile; fileRef = 7B6FEF521934E6EC00F3DBE7 /* dbus.m */; };
		7B6FEF761934E6EC00F3DBE7 /* dhcp-common.m in Sources */ = {isa = PBXBuildFile; fileRef = 7B6FEF531934E6EC00F3DBE7 /* dhcp-common.m */; };
		7B6FEF771934E6EC00F3DBE7 /* dhcp.m in Sources */ = {isa = PBXBuildFile; fileRef = 7B6FEF541934E6EC00F3DBE7 /* dhcp.m */; };
		7B6FEF781934E6EC00F3DBE7 /* dhcp6.m in Sources */ = {isa = PBXBuildFile; fileRef = 7B6FEF551934E6EC00F3DBE7 /* dhcp6.m */; };
		7B6FEF7A1934E6EC00F3DBE7 /* dnssec.m in Sources */ = {isa = PBXBuildFile; fileRef = 7B6FEF571934E6EC00F3DBE7 /* dnssec.m */; };
		7B6FEF7B1934E6EC00F3DBE7 /* domain.m in Sources */ = {isa = PBXBuildFile; fileRef = 7B6FEF581934E6EC00F3DBE7 /* domain.m */; };
		7B6FEF7C1934E6EC00F3DBE7 /* forward.m in Sources */ = {isa = PBXBuildFile; fileRef = 7B6FEF591934E6EC00F3DBE7 /* forward.m */; };
		7B6FEF7D1934E6EC00F3DBE7 /* helper.m in Sources */ = {isa = PBXBuildFile; fileRef = 7B6FEF5A1934E6EC00F3DBE7 /* helper.m */; };
		7B6FEF7E1934E6EC00F3DBE7 /* ipset.m in Sources */ = {isa = PBXBuildFile; fileRef = 7B6FEF5B1934E6EC00F3DBE7 /* ipset.m */; };
		7B6FEF7F1934E6EC00F3DBE7 /* lease.m in Sources */ = {isa = PBXBuildFile; fileRef = 7B6FEF5C1934E6EC00F3DBE7 /* lease.m */; };
		7B6FEF801934E6EC00F3DBE7 /* log.m in Sources */ = {isa = PBXBuildFile; fileRef = 7B6FEF5D1934E6EC00F3DBE7 /* log.m */; };
		7B6FEF821934E6EC00F3DBE7 /* network.m in Sources */ = {isa = PBXBuildFile; fileRef = 7B6FEF5F1934E6EC00F3DBE7 /* network.m */; };
		7B6FEF831934E6EC00F3DBE7 /* option.m in Sources */ = {isa = PBXBuildFile; fileRef = 7B6FEF601934E6EC00F3DBE7 /* option.m */; };
		7B6FEF841934E6EC00F3DBE7 /* outpacket.m in Sources */ = {isa = PBXBuildFile; fileRef = 7B6FEF611934E6EC00F3DBE7 /* outpacket.m */; };
		7B6FEF851934E6EC00F3DBE7 /* radv.m in Sources */ = {isa = PBXBuildFile; fileRef = 7B6FEF621934E6EC00F3DBE7 /* radv.m */; };
		7B6FEF861934E6EC00F3DBE7 /* rfc1035.m in Sources */ = {isa = PBXBuildFile; fileRef = 7B6FEF631934E6EC00F3DBE7 /* rfc1035.m */; };
		7B6FEF871934E6EC00F3DBE7 /* rfc2131.m in Sources */ = {isa = PBXBuildFile; fileRef = 7B6FEF641934E6EC00F3DBE7 /* rfc2131.m */; };
		7B6FEF881934E6EC00F3DBE7 /* rfc3315.m in Sources */ = {isa = PBXBuildFile; fileRef = 7B6FEF651934E6EC00F3DBE7 /* rfc3315.m */; };
		7B6FEF891934E6EC00F3DBE7 /* slaac.m in Sources */ = {isa = PBXBuildFile; fileRef = 7B6FEF661934E6EC00F3DBE7 /* slaac.m */; };
		7B6FEF8A1934E6EC00F3DBE7 /* tftp.m in Sources */ = {isa = PBXBuildFile; fileRef = 7B6FEF671934E6EC00F3DBE7 /* tftp.m */; };
		7B6FEF8B1934E6EC00F3DBE7 /* util.m in Sources */ = {isa = PBXBuildFile; fileRef = 7B6FEF681934E6EC00F3DBE7 /* util.m */; };
		7BC375AE1934EEE100087777 /* dnsmasqlib.m in Sources */ = {isa = PBXBuildFile; fileRef = 7BC375AD1934EEE100087777 /* dnsmasqlib.m */; };
		7BC375B61934EF7B00087777 /* Foundation.framework in Frameworks */ = {isa = PBXBuildFile; fileRef = 7BC375B51934EF7B00087777 /* Foundation.framework */; };
		7BC375B91934EF7B00087777 /* dnsmasqapp.m in Sources */ = {isa = PBXBuildFile; fileRef = 7BC375B81934EF7B00087777 /* dnsmasqapp.m */; };
		7BC375C31934F3A100087777 /* dnsmasq.dylib in Frameworks */ = {isa = PBXBuildFile; fileRef = 7B6FEED61934E51A00F3DBE7 /* dnsmasq.dylib */; };
/* End PBXBuildFile section */

/* Begin PBXContainerItemProxy section */
		7BC375C11934F39400087777 /* PBXContainerItemProxy */ = {
			isa = PBXContainerItemProxy;
			containerPortal = 7B6FEEC81934E4A300F3DBE7 /* Project object */;
			proxyType = 1;
			remoteGlobalIDString = 7B6FEED51934E51A00F3DBE7;
			remoteInfo = libdnsmasq;
		};
/* End PBXContainerItemProxy section */

/* Begin PBXCopyFilesBuildPhase section */
		7BC375B11934EF7B00087777 /* CopyFiles */ = {
			isa = PBXCopyFilesBuildPhase;
			buildActionMask = 2147483647;
			dstPath = /usr/share/man/man1/;
			dstSubfolderSpec = 0;
			files = (
			);
			runOnlyForDeploymentPostprocessing = 1;
		};
/* End PBXCopyFilesBuildPhase section */

/* Begin PBXFileReference section */
		7B013DB219D81A310015DEBB /* dnsmasq.conf.provided */ = {isa = PBXFileReference; lastKnownFileType = text; name = dnsmasq.conf.provided; path = ../dnsmasq.conf.provided; sourceTree = "<group>"; xcLanguageSpecificationIdentifier = xcode.lang.sh; };
		7B013DB319D8208B0015DEBB /* com.mrgray.dnsmasq_dev_killer.plist */ = {isa = PBXFileReference; lastKnownFileType = text.plist.xml; name = com.mrgray.dnsmasq_dev_killer.plist; path = dnsmasq/com.mrgray.dnsmasq_dev_killer.plist; sourceTree = "<group>"; };
		7B013DB419D8208B0015DEBB /* com.mrgray.dnsmasq.plist */ = {isa = PBXFileReference; lastKnownFileType = text.plist.xml; name = com.mrgray.dnsmasq.plist; path = dnsmasq/com.mrgray.dnsmasq.plist; sourceTree = "<group>"; };
		7B4055EB19352411008BB9ED /* dnsmasqKit.h */ = {isa = PBXFileReference; fileEncoding = 4; lastKnownFileType = sourcecode.c.h; path = dnsmasqKit.h; sourceTree = "<group>"; };
		7B4055EC19352411008BB9ED /* dnsmasqKit.m */ = {isa = PBXFileReference; fileEncoding = 4; lastKnownFileType = sourcecode.c.objc; path = dnsmasqKit.m; sourceTree = "<group>"; };
		7B6FEED61934E51A00F3DBE7 /* dnsmasq.dylib */ = {isa = PBXFileReference; explicitFileType = "compiled.mach-o.dylib"; includeInIndex = 0; path = dnsmasq.dylib; sourceTree = BUILT_PRODUCTS_DIR; };
		7B6FEF451934E6EC00F3DBE7 /* config.h */ = {isa = PBXFileReference; fileEncoding = 4; lastKnownFileType = sourcecode.c.h; path = config.h; sourceTree = "<group>"; };
		7B6FEF461934E6EC00F3DBE7 /* dhcp-protocol.h */ = {isa = PBXFileReference; fileEncoding = 4; lastKnownFileType = sourcecode.c.h; path = "dhcp-protocol.h"; sourceTree = "<group>"; };
		7B6FEF471934E6EC00F3DBE7 /* dhcp6-protocol.h */ = {isa = PBXFileReference; fileEncoding = 4; lastKnownFileType = sourcecode.c.h; path = "dhcp6-protocol.h"; sourceTree = "<group>"; };
		7B6FEF481934E6EC00F3DBE7 /* dns-protocol.h */ = {isa = PBXFileReference; fileEncoding = 4; lastKnownFileType = sourcecode.c.h; path = "dns-protocol.h"; sourceTree = "<group>"; };
		7B6FEF491934E6EC00F3DBE7 /* dnsmasq.h */ = {isa = PBXFileReference; fileEncoding = 4; lastKnownFileType = sourcecode.c.h; path = dnsmasq.h; sourceTree = "<group>"; };
		7B6FEF4A1934E6EC00F3DBE7 /* ip6addr.h */ = {isa = PBXFileReference; fileEncoding = 4; lastKnownFileType = sourcecode.c.h; path = ip6addr.h; sourceTree = "<group>"; };
		7B6FEF4B1934E6EC00F3DBE7 /* radv-protocol.h */ = {isa = PBXFileReference; fileEncoding = 4; lastKnownFileType = sourcecode.c.h; path = "radv-protocol.h"; sourceTree = "<group>"; };
		7B6FEF4D1934E6EC00F3DBE7 /* auth.m */ = {isa = PBXFileReference; fileEncoding = 4; lastKnownFileType = sourcecode.c.objc; path = auth.m; sourceTree = "<group>"; };
		7B6FEF4E1934E6EC00F3DBE7 /* blockdata.m */ = {isa = PBXFileReference; fileEncoding = 4; lastKnownFileType = sourcecode.c.objc; path = blockdata.m; sourceTree = "<group>"; };
		7B6FEF4F1934E6EC00F3DBE7 /* bpf.m */ = {isa = PBXFileReference; fileEncoding = 4; lastKnownFileType = sourcecode.c.objc; path = bpf.m; sourceTree = "<group>"; };
		7B6FEF501934E6EC00F3DBE7 /* cache.m */ = {isa = PBXFileReference; fileEncoding = 4; lastKnownFileType = sourcecode.c.objc; path = cache.m; sourceTree = "<group>"; };
		7B6FEF511934E6EC00F3DBE7 /* conntrack.m */ = {isa = PBXFileReference; fileEncoding = 4; lastKnownFileType = sourcecode.c.objc; path = conntrack.m; sourceTree = "<group>"; };
		7B6FEF521934E6EC00F3DBE7 /* dbus.m */ = {isa = PBXFileReference; fileEncoding = 4; lastKnownFileType = sourcecode.c.objc; path = dbus.m; sourceTree = "<group>"; };
		7B6FEF531934E6EC00F3DBE7 /* dhcp-common.m */ = {isa = PBXFileReference; fileEncoding = 4; lastKnownFileType = sourcecode.c.objc; path = "dhcp-common.m"; sourceTree = "<group>"; };
		7B6FEF541934E6EC00F3DBE7 /* dhcp.m */ = {isa = PBXFileReference; fileEncoding = 4; lastKnownFileType = sourcecode.c.objc; path = dhcp.m; sourceTree = "<group>"; };
		7B6FEF551934E6EC00F3DBE7 /* dhcp6.m */ = {isa = PBXFileReference; fileEncoding = 4; lastKnownFileType = sourcecode.c.objc; path = dhcp6.m; sourceTree = "<group>"; };
		7B6FEF571934E6EC00F3DBE7 /* dnssec.m */ = {isa = PBXFileReference; fileEncoding = 4; lastKnownFileType = sourcecode.c.objc; path = dnssec.m; sourceTree = "<group>"; };
		7B6FEF581934E6EC00F3DBE7 /* domain.m */ = {isa = PBXFileReference; fileEncoding = 4; lastKnownFileType = sourcecode.c.objc; path = domain.m; sourceTree = "<group>"; };
		7B6FEF591934E6EC00F3DBE7 /* forward.m */ = {isa = PBXFileReference; fileEncoding = 4; lastKnownFileType = sourcecode.c.objc; path = forward.m; sourceTree = "<group>"; };
		7B6FEF5A1934E6EC00F3DBE7 /* helper.m */ = {isa = PBXFileReference; fileEncoding = 4; lastKnownFileType = sourcecode.c.objc; path = helper.m; sourceTree = "<group>"; };
		7B6FEF5B1934E6EC00F3DBE7 /* ipset.m */ = {isa = PBXFileReference; fileEncoding = 4; lastKnownFileType = sourcecode.c.objc; path = ipset.m; sourceTree = "<group>"; };
		7B6FEF5C1934E6EC00F3DBE7 /* lease.m */ = {isa = PBXFileReference; fileEncoding = 4; lastKnownFileType = sourcecode.c.objc; path = lease.m; sourceTree = "<group>"; };
		7B6FEF5D1934E6EC00F3DBE7 /* log.m */ = {isa = PBXFileReference; fileEncoding = 4; lastKnownFileType = sourcecode.c.objc; path = log.m; sourceTree = "<group>"; };
		7B6FEF5E1934E6EC00F3DBE7 /* netlink.m */ = {isa = PBXFileReference; fileEncoding = 4; lastKnownFileType = sourcecode.c.objc; path = netlink.m; sourceTree = "<group>"; };
		7B6FEF5F1934E6EC00F3DBE7 /* network.m */ = {isa = PBXFileReference; fileEncoding = 4; lastKnownFileType = sourcecode.c.objc; path = network.m; sourceTree = "<group>"; };
		7B6FEF601934E6EC00F3DBE7 /* option.m */ = {isa = PBXFileReference; fileEncoding = 4; lastKnownFileType = sourcecode.c.objc; path = option.m; sourceTree = "<group>"; };
		7B6FEF611934E6EC00F3DBE7 /* outpacket.m */ = {isa = PBXFileReference; fileEncoding = 4; lastKnownFileType = sourcecode.c.objc; path = outpacket.m; sourceTree = "<group>"; };
		7B6FEF621934E6EC00F3DBE7 /* radv.m */ = {isa = PBXFileReference; fileEncoding = 4; lastKnownFileType = sourcecode.c.objc; path = radv.m; sourceTree = "<group>"; };
		7B6FEF631934E6EC00F3DBE7 /* rfc1035.m */ = {isa = PBXFileReference; fileEncoding = 4; lastKnownFileType = sourcecode.c.objc; path = rfc1035.m; sourceTree = "<group>"; };
		7B6FEF641934E6EC00F3DBE7 /* rfc2131.m */ = {isa = PBXFileReference; fileEncoding = 4; lastKnownFileType = sourcecode.c.objc; path = rfc2131.m; sourceTree = "<group>"; };
		7B6FEF651934E6EC00F3DBE7 /* rfc3315.m */ = {isa = PBXFileReference; fileEncoding = 4; lastKnownFileType = sourcecode.c.objc; path = rfc3315.m; sourceTree = "<group>"; };
		7B6FEF661934E6EC00F3DBE7 /* slaac.m */ = {isa = PBXFileReference; fileEncoding = 4; lastKnownFileType = sourcecode.c.objc; path = slaac.m; sourceTree = "<group>"; };
		7B6FEF671934E6EC00F3DBE7 /* tftp.m */ = {isa = PBXFileReference; fileEncoding = 4; lastKnownFileType = sourcecode.c.objc; path = tftp.m; sourceTree = "<group>"; };
		7B6FEF681934E6EC00F3DBE7 /* util.m */ = {isa = PBXFileReference; fileEncoding = 4; lastKnownFileType = sourcecode.c.objc; path = util.m; sourceTree = "<group>"; };
		7BC375AD1934EEE100087777 /* dnsmasqlib.m */ = {isa = PBXFileReference; fileEncoding = 4; lastKnownFileType = sourcecode.c.objc; path = dnsmasqlib.m; sourceTree = "<group>"; };
		7BC375B31934EF7B00087777 /* dnsmasq */ = {isa = PBXFileReference; explicitFileType = "compiled.mach-o.executable"; includeInIndex = 0; path = dnsmasq; sourceTree = BUILT_PRODUCTS_DIR; };
		7BC375B51934EF7B00087777 /* Foundation.framework */ = {isa = PBXFileReference; lastKnownFileType = wrapper.framework; name = Foundation.framework; path = System/Library/Frameworks/Foundation.framework; sourceTree = SDKROOT; };
		7BC375B81934EF7B00087777 /* dnsmasqapp.m */ = {isa = PBXFileReference; lastKnownFileType = sourcecode.c.objc; name = dnsmasqapp.m; path = dnsmasq/dnsmasqapp.m; sourceTree = "<group>"; };
		7BC375C41934F83700087777 /* dnsmasq.8 */ = {isa = PBXFileReference; lastKnownFileType = text; name = dnsmasq.8; path = ../man/dnsmasq.8; sourceTree = "<group>"; };
		7BC375C51934F83700087777 /* CHANGELOG */ = {isa = PBXFileReference; lastKnownFileType = text; name = CHANGELOG; path = ../CHANGELOG; sourceTree = "<group>"; };
		7BC375C61934F83700087777 /* dnsmasq.conf.example */ = {isa = PBXFileReference; lastKnownFileType = text; name = dnsmasq.conf.example; path = /Volumes/2T/ServiceData/git/dnsmasq/dnsmasq.conf.example; sourceTree = "<absolute>"; };
		7BC375C71934F83700087777 /* doc.html */ = {isa = PBXFileReference; lastKnownFileType = text.html; name = doc.html; path = ../doc.html; sourceTree = "<group>"; };
		7BC375C81934F83800087777 /* FAQ */ = {isa = PBXFileReference; lastKnownFileType = text; name = FAQ; path = ../FAQ; sourceTree = "<group>"; };
		7BC375C91934F83800087777 /* setup.html */ = {isa = PBXFileReference; lastKnownFileType = text.html; name = setup.html; path = ../setup.html; sourceTree = "<group>"; };
		7BC375CA1934F83800087777 /* trust-anchors.conf */ = {isa = PBXFileReference; lastKnownFileType = text; name = "trust-anchors.conf"; path = "../trust-anchors.conf"; sourceTree = "<group>"; };
		7BC375CC1934F87D00087777 /* dnsmasq.conf.exmaple.plist */ = {isa = PBXFileReference; lastKnownFileType = text.plist.xml; path = dnsmasq.conf.exmaple.plist; sourceTree = "<group>"; };
/* End PBXFileReference section */

/* Begin PBXFrameworksBuildPhase section */
		7B6FEED31934E51A00F3DBE7 /* Frameworks */ = {
			isa = PBXFrameworksBuildPhase;
			buildActionMask = 2147483647;
			files = (
			);
			runOnlyForDeploymentPostprocessing = 0;
		};
		7BC375B01934EF7B00087777 /* Frameworks */ = {
			isa = PBXFrameworksBuildPhase;
			buildActionMask = 2147483647;
			files = (
				7BC375C31934F3A100087777 /* dnsmasq.dylib in Frameworks */,
				7BC375B61934EF7B00087777 /* Foundation.framework in Frameworks */,
			);
			runOnlyForDeploymentPostprocessing = 0;
		};
/* End PBXFrameworksBuildPhase section */

/* Begin PBXGroup section */
		7B6FEEC71934E4A300F3DBE7 = {
			isa = PBXGroup;
			children = (
				7B013DB319D8208B0015DEBB /* com.mrgray.dnsmasq_dev_killer.plist */,
				7B013DB419D8208B0015DEBB /* com.mrgray.dnsmasq.plist */,
				7B013DB219D81A310015DEBB /* dnsmasq.conf.provided */,
				7BC375D11934FE5F00087777 /* Resources */,
				7BC375B81934EF7B00087777 /* dnsmasqapp.m */,
				7B6FEEDF1934E51A00F3DBE7 /* libdnsmasq */,
			);
			sourceTree = "<group>";
		};
		7B6FEED71934E51A00F3DBE7 /* Products */ = {
			isa = PBXGroup;
			children = (
				7B6FEED61934E51A00F3DBE7 /* dnsmasq.dylib */,
				7BC375B31934EF7B00087777 /* dnsmasq */,
			);
			name = Products;
			sourceTree = "<group>";
		};
		7B6FEEDF1934E51A00F3DBE7 /* libdnsmasq */ = {
			isa = PBXGroup;
			children = (
				7B6FEF441934E6EC00F3DBE7 /* include */,
				7B6FEF4D1934E6EC00F3DBE7 /* auth.m */,
				7B6FEF4E1934E6EC00F3DBE7 /* blockdata.m */,
				7B6FEF4F1934E6EC00F3DBE7 /* bpf.m */,
				7B6FEF501934E6EC00F3DBE7 /* cache.m */,
				7B6FEF511934E6EC00F3DBE7 /* conntrack.m */,
				7B6FEF521934E6EC00F3DBE7 /* dbus.m */,
				7B6FEF531934E6EC00F3DBE7 /* dhcp-common.m */,
				7B6FEF541934E6EC00F3DBE7 /* dhcp.m */,
				7B6FEF551934E6EC00F3DBE7 /* dhcp6.m */,
				7BC375AD1934EEE100087777 /* dnsmasqlib.m */,
				7B6FEF571934E6EC00F3DBE7 /* dnssec.m */,
				7B6FEF581934E6EC00F3DBE7 /* domain.m */,
				7B6FEF591934E6EC00F3DBE7 /* forward.m */,
				7B6FEF5A1934E6EC00F3DBE7 /* helper.m */,
				7B6FEF5B1934E6EC00F3DBE7 /* ipset.m */,
				7B6FEF5C1934E6EC00F3DBE7 /* lease.m */,
				7B6FEF5D1934E6EC00F3DBE7 /* log.m */,
				7B6FEF5E1934E6EC00F3DBE7 /* netlink.m */,
				7B6FEF601934E6EC00F3DBE7 /* option.m */,
				7B6FEF5F1934E6EC00F3DBE7 /* network.m */,
				7B6FEF611934E6EC00F3DBE7 /* outpacket.m */,
				7B6FEF621934E6EC00F3DBE7 /* radv.m */,
				7B6FEF631934E6EC00F3DBE7 /* rfc1035.m */,
				7B6FEF641934E6EC00F3DBE7 /* rfc2131.m */,
				7B6FEF651934E6EC00F3DBE7 /* rfc3315.m */,
				7B6FEF661934E6EC00F3DBE7 /* slaac.m */,
				7B6FEF671934E6EC00F3DBE7 /* tftp.m */,
				7B6FEF681934E6EC00F3DBE7 /* util.m */,
				7B4055EB19352411008BB9ED /* dnsmasqKit.h */,
				7B4055EC19352411008BB9ED /* dnsmasqKit.m */,
			);
			path = libdnsmasq;
			sourceTree = "<group>";
		};
		7B6FEF441934E6EC00F3DBE7 /* include */ = {
			isa = PBXGroup;
			children = (
				7B6FEF451934E6EC00F3DBE7 /* config.h */,
				7B6FEF461934E6EC00F3DBE7 /* dhcp-protocol.h */,
				7B6FEF471934E6EC00F3DBE7 /* dhcp6-protocol.h */,
				7B6FEF481934E6EC00F3DBE7 /* dns-protocol.h */,
				7B6FEF491934E6EC00F3DBE7 /* dnsmasq.h */,
				7B6FEF4A1934E6EC00F3DBE7 /* ip6addr.h */,
				7B6FEF4B1934E6EC00F3DBE7 /* radv-protocol.h */,
			);
			path = include;
			sourceTree = "<group>";
		};
		7BC375D11934FE5F00087777 /* Resources */ = {
			isa = PBXGroup;
			children = (
				7B6FEED71934E51A00F3DBE7 /* Products */,
				7BC375B51934EF7B00087777 /* Foundation.framework */,
				7BC375C41934F83700087777 /* dnsmasq.8 */,
				7BC375C51934F83700087777 /* CHANGELOG */,
				7BC375C61934F83700087777 /* dnsmasq.conf.example */,
				7BC375CC1934F87D00087777 /* dnsmasq.conf.exmaple.plist */,
				7BC375C71934F83700087777 /* doc.html */,
				7BC375C81934F83800087777 /* FAQ */,
				7BC375C91934F83800087777 /* setup.html */,
				7BC375CA1934F83800087777 /* trust-anchors.conf */,
			);
			name = Resources;
			sourceTree = "<group>";
		};
/* End PBXGroup section */

/* Begin PBXHeadersBuildPhase section */
		7B6FEED41934E51A00F3DBE7 /* Headers */ = {
			isa = PBXHeadersBuildPhase;
			buildActionMask = 2147483647;
			files = (
				7B6FEF6D1934E6EC00F3DBE7 /* dnsmasq.h in Headers */,
				7B4055ED19352411008BB9ED /* dnsmasqKit.h in Headers */,
				7B6FEF6C1934E6EC00F3DBE7 /* dns-protocol.h in Headers */,
				7B6FEF691934E6EC00F3DBE7 /* config.h in Headers */,
				7B6FEF6B1934E6EC00F3DBE7 /* dhcp6-protocol.h in Headers */,
				7B6FEF6F1934E6EC00F3DBE7 /* radv-protocol.h in Headers */,
				7B6FEF6A1934E6EC00F3DBE7 /* dhcp-protocol.h in Headers */,
				7B6FEF6E1934E6EC00F3DBE7 /* ip6addr.h in Headers */,
			);
			runOnlyForDeploymentPostprocessing = 0;
		};
/* End PBXHeadersBuildPhase section */

/* Begin PBXLegacyTarget section */
		7B6FEECC1934E4A300F3DBE7 /* make dnsmasq */ = {
			isa = PBXLegacyTarget;
			buildArgumentsString = "$(ACTION)";
			buildConfigurationList = 7B6FEECF1934E4A300F3DBE7 /* Build configuration list for PBXLegacyTarget "make dnsmasq" */;
			buildPhases = (
			);
			buildToolPath = /usr/bin/make;
			buildWorkingDirectory = ../;
			dependencies = (
			);
			name = "make dnsmasq";
			passBuildSettingsInEnvironment = 1;
			productName = dnsmasq;
		};
		7BC375CD1934FD0500087777 /* launchd */ = {
			isa = PBXLegacyTarget;
			buildArgumentsString = "$(ACTION)";
			buildConfigurationList = 7BC375CE1934FD0500087777 /* Build configuration list for PBXLegacyTarget "launchd" */;
			buildPhases = (
			);
			buildToolPath = /bin/sh;
			dependencies = (
			);
			name = launchd;
			passBuildSettingsInEnvironment = 1;
			productName = launchd;
		};
/* End PBXLegacyTarget section */

/* Begin PBXNativeTarget section */
		7B6FEED51934E51A00F3DBE7 /* libdnsmasq */ = {
			isa = PBXNativeTarget;
			buildConfigurationList = 7B6FEEF81934E51A00F3DBE7 /* Build configuration list for PBXNativeTarget "libdnsmasq" */;
			buildPhases = (
				7B6FEED21934E51A00F3DBE7 /* Sources */,
				7B6FEED41934E51A00F3DBE7 /* Headers */,
				7B6FEED31934E51A00F3DBE7 /* Frameworks */,
			);
			buildRules = (
			);
			dependencies = (
			);
			name = libdnsmasq;
			productName = libdnsmasq;
			productReference = 7B6FEED61934E51A00F3DBE7 /* dnsmasq.dylib */;
			productType = "com.apple.product-type.library.dynamic";
		};
		7BC375B21934EF7B00087777 /* dnsmasq */ = {
			isa = PBXNativeTarget;
			buildConfigurationList = 7BC375BE1934EF7B00087777 /* Build configuration list for PBXNativeTarget "dnsmasq" */;
			buildPhases = (
				7BC375AF1934EF7B00087777 /* Sources */,
				7BC375B01934EF7B00087777 /* Frameworks */,
				7BC375B11934EF7B00087777 /* CopyFiles */,
				7B6057881A5DF16600EACFEF /* ShellScript */,
			);
			buildRules = (
			);
			dependencies = (
				7BC375C21934F39400087777 /* PBXTargetDependency */,
			);
			name = dnsmasq;
			productName = dnsmasq;
			productReference = 7BC375B31934EF7B00087777 /* dnsmasq */;
			productType = "com.apple.product-type.tool";
		};
/* End PBXNativeTarget section */

/* Begin PBXProject section */
		7B6FEEC81934E4A300F3DBE7 /* Project object */ = {
			isa = PBXProject;
			attributes = {
				LastUpgradeCheck = 0610;
				ORGANIZATIONNAME = "Alex Gray";
			};
			buildConfigurationList = 7B6FEECB1934E4A300F3DBE7 /* Build configuration list for PBXProject "dnsmasq" */;
			compatibilityVersion = "Xcode 3.2";
			developmentRegion = English;
			hasScannedForEncodings = 0;
			knownRegions = (
				en,
			);
			mainGroup = 7B6FEEC71934E4A300F3DBE7;
			productRefGroup = 7B6FEED71934E51A00F3DBE7 /* Products */;
			projectDirPath = "";
			projectRoot = "";
			targets = (
				7B6FEECC1934E4A300F3DBE7 /* make dnsmasq */,
				7B6FEED51934E51A00F3DBE7 /* libdnsmasq */,
				7BC375B21934EF7B00087777 /* dnsmasq */,
				7BC375CD1934FD0500087777 /* launchd */,
			);
		};
/* End PBXProject section */

/* Begin PBXShellScriptBuildPhase section */
		7B6057881A5DF16600EACFEF /* ShellScript */ = {
			isa = PBXShellScriptBuildPhase;
			buildActionMask = 2147483647;
			files = (
			);
			inputPaths = (
			);
			outputPaths = (
			);
			runOnlyForDeploymentPostprocessing = 0;
			shellPath = /bin/sh;
			shellScript = "mkdir -p /usr/local/etc\ncp -f \"${SRCROOT}/../dnsmasq.conf.provided\" /usr/local/etc/dnsmasq.conf";
		};
/* End PBXShellScriptBuildPhase section */

/* Begin PBXSourcesBuildPhase section */
		7B6FEED21934E51A00F3DBE7 /* Sources */ = {
			isa = PBXSourcesBuildPhase;
			buildActionMask = 2147483647;
			files = (
				7B6FEF821934E6EC00F3DBE7 /* network.m in Sources */,
				7B6FEF781934E6EC00F3DBE7 /* dhcp6.m in Sources */,
				7B6FEF7A1934E6EC00F3DBE7 /* dnssec.m in Sources */,
				7B6FEF841934E6EC00F3DBE7 /* outpacket.m in Sources */,
				7B6FEF871934E6EC00F3DBE7 /* rfc2131.m in Sources */,
				7B6FEF7F1934E6EC00F3DBE7 /* lease.m in Sources */,
				7B6FEF731934E6EC00F3DBE7 /* cache.m in Sources */,
				7B6FEF7E1934E6EC00F3DBE7 /* ipset.m in Sources */,
				7B6FEF831934E6EC00F3DBE7 /* option.m in Sources */,
				7B6FEF8B1934E6EC00F3DBE7 /* util.m in Sources */,
				7B6FEF851934E6EC00F3DBE7 /* radv.m in Sources */,
				7BC375AE1934EEE100087777 /* dnsmasqlib.m in Sources */,
				7B6FEF721934E6EC00F3DBE7 /* bpf.m in Sources */,
				7B6FEF701934E6EC00F3DBE7 /* auth.m in Sources */,
				7B6FEF741934E6EC00F3DBE7 /* conntrack.m in Sources */,
				7B6FEF761934E6EC00F3DBE7 /* dhcp-common.m in Sources */,
				7B6FEF8A1934E6EC00F3DBE7 /* tftp.m in Sources */,
				7B013DB119D817BC0015DEBB /* netlink.m in Sources */,
				7B6FEF891934E6EC00F3DBE7 /* slaac.m in Sources */,
				7B6FEF711934E6EC00F3DBE7 /* blockdata.m in Sources */,
				7B6FEF7B1934E6EC00F3DBE7 /* domain.m in Sources */,
				7B6FEF771934E6EC00F3DBE7 /* dhcp.m in Sources */,
				7B6FEF881934E6EC00F3DBE7 /* rfc3315.m in Sources */,
				7B6FEF7C1934E6EC00F3DBE7 /* forward.m in Sources */,
				7B6FEF861934E6EC00F3DBE7 /* rfc1035.m in Sources */,
				7B6FEF801934E6EC00F3DBE7 /* log.m in Sources */,
				7B6FEF751934E6EC00F3DBE7 /* dbus.m in Sources */,
				7B6FEF7D1934E6EC00F3DBE7 /* helper.m in Sources */,
			);
			runOnlyForDeploymentPostprocessing = 0;
		};
		7BC375AF1934EF7B00087777 /* Sources */ = {
			isa = PBXSourcesBuildPhase;
			buildActionMask = 2147483647;
			files = (
				7BC375B91934EF7B00087777 /* dnsmasqapp.m in Sources */,
			);
			runOnlyForDeploymentPostprocessing = 0;
		};
/* End PBXSourcesBuildPhase section */

/* Begin PBXTargetDependency section */
		7BC375C21934F39400087777 /* PBXTargetDependency */ = {
			isa = PBXTargetDependency;
			target = 7B6FEED51934E51A00F3DBE7 /* libdnsmasq */;
			targetProxy = 7BC375C11934F39400087777 /* PBXContainerItemProxy */;
		};
/* End PBXTargetDependency section */

/* Begin XCBuildConfiguration section */
		7B6FEECD1934E4A300F3DBE7 /* Debug */ = {
			isa = XCBuildConfiguration;
			buildSettings = {
				CLANG_ENABLE_MODULES = YES;
				CLANG_ENABLE_OBJC_ARC = YES;
				CLANG_WARN_BOOL_CONVERSION = YES;
				CLANG_WARN_CONSTANT_CONVERSION = YES;
				CLANG_WARN_DIRECT_OBJC_ISA_USAGE = YES_ERROR;
				CLANG_WARN_EMPTY_BODY = YES;
				CLANG_WARN_ENUM_CONVERSION = YES;
				CLANG_WARN_INT_CONVERSION = YES;
				CLANG_WARN_OBJC_ROOT_CLASS = YES_ERROR;
				CLANG_WARN__DUPLICATE_METHOD_MATCH = YES;
				COPY_PHASE_STRIP = NO;
				GCC_C_LANGUAGE_STANDARD = c11;
				GCC_DYNAMIC_NO_PIC = NO;
				GCC_ENABLE_OBJC_EXCEPTIONS = YES;
				GCC_OPTIMIZATION_LEVEL = 0;
				GCC_SYMBOLS_PRIVATE_EXTERN = NO;
				GCC_WARN_64_TO_32_BIT_CONVERSION = NO;
				GCC_WARN_ABOUT_RETURN_TYPE = YES_ERROR;
				GCC_WARN_UNDECLARED_SELECTOR = YES;
				GCC_WARN_UNINITIALIZED_AUTOS = NO;
				GCC_WARN_UNUSED_FUNCTION = YES;
				GCC_WARN_UNUSED_VARIABLE = YES;
				MACOSX_DEPLOYMENT_TARGET = 10.8;
				ONLY_ACTIVE_ARCH = YES;
				SDKROOT = macosx;
			};
			name = Debug;
		};
		7B6FEECE1934E4A300F3DBE7 /* Release */ = {
			isa = XCBuildConfiguration;
			buildSettings = {
				CLANG_ENABLE_MODULES = YES;
				CLANG_ENABLE_OBJC_ARC = YES;
				CLANG_WARN_BOOL_CONVERSION = YES;
				CLANG_WARN_CONSTANT_CONVERSION = YES;
				CLANG_WARN_DIRECT_OBJC_ISA_USAGE = YES_ERROR;
				CLANG_WARN_EMPTY_BODY = YES;
				CLANG_WARN_ENUM_CONVERSION = YES;
				CLANG_WARN_INT_CONVERSION = YES;
				CLANG_WARN_OBJC_ROOT_CLASS = YES_ERROR;
				CLANG_WARN__DUPLICATE_METHOD_MATCH = YES;
				COPY_PHASE_STRIP = YES;
				DEBUG_INFORMATION_FORMAT = "dwarf-with-dsym";
				ENABLE_NS_ASSERTIONS = NO;
				GCC_C_LANGUAGE_STANDARD = c11;
				GCC_ENABLE_OBJC_EXCEPTIONS = YES;
				GCC_WARN_64_TO_32_BIT_CONVERSION = NO;
				GCC_WARN_ABOUT_RETURN_TYPE = YES_ERROR;
				GCC_WARN_UNDECLARED_SELECTOR = YES;
				GCC_WARN_UNINITIALIZED_AUTOS = NO;
				GCC_WARN_UNUSED_FUNCTION = YES;
				GCC_WARN_UNUSED_VARIABLE = YES;
				MACOSX_DEPLOYMENT_TARGET = 10.8;
				SDKROOT = macosx;
			};
			name = Release;
		};
		7B6FEED01934E4A300F3DBE7 /* Debug */ = {
			isa = XCBuildConfiguration;
			buildSettings = {
				DEBUGGING_SYMBOLS = YES;
				GCC_GENERATE_DEBUGGING_SYMBOLS = YES;
				GCC_OPTIMIZATION_LEVEL = 0;
				OTHER_CFLAGS = "";
				OTHER_LDFLAGS = "";
				PRODUCT_NAME = "$(TARGET_NAME)";
			};
			name = Debug;
		};
		7B6FEED11934E4A300F3DBE7 /* Release */ = {
			isa = XCBuildConfiguration;
			buildSettings = {
				OTHER_CFLAGS = "";
				OTHER_LDFLAGS = "";
				PRODUCT_NAME = "$(TARGET_NAME)";
			};
			name = Release;
		};
		7B6FEEF91934E51A00F3DBE7 /* Debug */ = {
			isa = XCBuildConfiguration;
			buildSettings = {
				COMBINE_HIDPI_IMAGES = YES;
				DEFINES_MODULE = YES;
				DEPLOYMENT_LOCATION = YES;
				DSTROOT = /;
				DYLIB_COMPATIBILITY_VERSION = 1;
				DYLIB_CURRENT_VERSION = 1;
				GCC_PREPROCESSOR_DEFINITIONS = (
					"DEBUG=1",
					__APPLE_USE_RFC_3542,
				);
				HEADER_SEARCH_PATHS = (
					"\"$(SRCROOT)/**\"",
					/Applications/Xcode.app/Contents/Developer/Toolchains/XcodeDefault.xctoolchain/usr/include,
				);
				PRODUCT_NAME = dnsmasq;
			};
			name = Debug;
		};
		7B6FEEFA1934E51A00F3DBE7 /* Release */ = {
			isa = XCBuildConfiguration;
			buildSettings = {
				COMBINE_HIDPI_IMAGES = YES;
				DEFINES_MODULE = YES;
				DEPLOYMENT_LOCATION = YES;
				DSTROOT = /;
				DYLIB_COMPATIBILITY_VERSION = 1;
				DYLIB_CURRENT_VERSION = 1;
				GCC_PREPROCESSOR_DEFINITIONS = (
					"DEBUG=1",
					__APPLE_USE_RFC_3542,
				);
				HEADER_SEARCH_PATHS = (
					"\"$(SRCROOT)/**\"",
					/Applications/Xcode.app/Contents/Developer/Toolchains/XcodeDefault.xctoolchain/usr/include,
				);
				PRODUCT_NAME = dnsmasq;
			};
			name = Release;
		};
		7BC375BF1934EF7B00087777 /* Debug */ = {
			isa = XCBuildConfiguration;
			buildSettings = {
				DEPLOYMENT_LOCATION = YES;
				DEPLOYMENT_POSTPROCESSING = YES;
				DSTROOT = /;
				GCC_WARN_64_TO_32_BIT_CONVERSION = YES;
				HEADER_SEARCH_PATHS = (
					"$(inherited)",
					/Applications/Xcode.app/Contents/Developer/Toolchains/XcodeDefault.xctoolchain/usr/include,
					/usr/local/include,
				);
				INSTALL_PATH = /xbin;
				LIBRARY_SEARCH_PATHS = /usr/local/lib;
				PRODUCT_NAME = "$(TARGET_NAME)";
			};
			name = Debug;
		};
		7BC375C01934EF7B00087777 /* Release */ = {
			isa = XCBuildConfiguration;
			buildSettings = {
				DEPLOYMENT_LOCATION = YES;
				DEPLOYMENT_POSTPROCESSING = YES;
				DSTROOT = /;
				GCC_WARN_64_TO_32_BIT_CONVERSION = YES;
				HEADER_SEARCH_PATHS = (
					"$(inherited)",
					/Applications/Xcode.app/Contents/Developer/Toolchains/XcodeDefault.xctoolchain/usr/include,
					/usr/local/include,
				);
				INSTALL_PATH = /xbin;
				LIBRARY_SEARCH_PATHS = /usr/local/lib;
				PRODUCT_NAME = "$(TARGET_NAME)";
			};
			name = Release;
		};
		7BC375CF1934FD0500087777 /* Debug */ = {
			isa = XCBuildConfiguration;
			buildSettings = {
				DEBUGGING_SYMBOLS = YES;
				GCC_C_LANGUAGE_STANDARD = gnu99;
				GCC_GENERATE_DEBUGGING_SYMBOLS = YES;
				GCC_OPTIMIZATION_LEVEL = 0;
				GCC_PREPROCESSOR_DEFINITIONS = (
					"DEBUG=1",
					"$(inherited)",
				);
				GCC_WARN_64_TO_32_BIT_CONVERSION = YES;
				GCC_WARN_UNINITIALIZED_AUTOS = YES_AGGRESSIVE;
				OTHER_CFLAGS = "";
				OTHER_LDFLAGS = "";
				PRODUCT_NAME = "$(TARGET_NAME)";
			};
			name = Debug;
		};
		7BC375D01934FD0500087777 /* Release */ = {
			isa = XCBuildConfiguration;
			buildSettings = {
				GCC_C_LANGUAGE_STANDARD = gnu99;
				GCC_WARN_64_TO_32_BIT_CONVERSION = YES;
				GCC_WARN_UNINITIALIZED_AUTOS = YES_AGGRESSIVE;
				OTHER_CFLAGS = "";
				OTHER_LDFLAGS = "";
				PRODUCT_NAME = "$(TARGET_NAME)";
			};
			name = Release;
		};
/* End XCBuildConfiguration section */

/* Begin XCConfigurationList section */
		7B6FEECB1934E4A300F3DBE7 /* Build configuration list for PBXProject "dnsmasq" */ = {
			isa = XCConfigurationList;
			buildConfigurations = (
				7B6FEECD1934E4A300F3DBE7 /* Debug */,
				7B6FEECE1934E4A300F3DBE7 /* Release */,
			);
			defaultConfigurationIsVisible = 0;
			defaultConfigurationName = Release;
		};
		7B6FEECF1934E4A300F3DBE7 /* Build configuration list for PBXLegacyTarget "make dnsmasq" */ = {
			isa = XCConfigurationList;
			buildConfigurations = (
				7B6FEED01934E4A300F3DBE7 /* Debug */,
				7B6FEED11934E4A300F3DBE7 /* Release */,
			);
			defaultConfigurationIsVisible = 0;
			defaultConfigurationName = Release;
		};
		7B6FEEF81934E51A00F3DBE7 /* Build configuration list for PBXNativeTarget "libdnsmasq" */ = {
			isa = XCConfigurationList;
			buildConfigurations = (
				7B6FEEF91934E51A00F3DBE7 /* Debug */,
				7B6FEEFA1934E51A00F3DBE7 /* Release */,
			);
			defaultConfigurationIsVisible = 0;
			defaultConfigurationName = Release;
		};
		7BC375BE1934EF7B00087777 /* Build configuration list for PBXNativeTarget "dnsmasq" */ = {
			isa = XCConfigurationList;
			buildConfigurations = (
				7BC375BF1934EF7B00087777 /* Debug */,
				7BC375C01934EF7B00087777 /* Release */,
			);
			defaultConfigurationIsVisible = 0;
			defaultConfigurationName = Release;
		};
		7BC375CE1934FD0500087777 /* Build configuration list for PBXLegacyTarget "launchd" */ = {
			isa = XCConfigurationList;
			buildConfigurations = (
				7BC375CF1934FD0500087777 /* Debug */,
				7BC375D01934FD0500087777 /* Release */,
			);
			defaultConfigurationIsVisible = 0;
			defaultConfigurationName = Release;
		};
/* End XCConfigurationList section */
	};
	rootObject = 7B6FEEC81934E4A300F3DBE7 /* Project object */;
}
