<?xml version="1.0" encoding="UTF-8"?>
<Scheme
   LastUpgradeVersion = "0610"
   version = "1.3">
   <BuildAction
      parallelizeBuildables = "YES"
      buildImplicitDependencies = "YES">
      <BuildActionEntries>
         <BuildActionEntry
            buildForTesting = "YES"
            buildForRunning = "YES"
            buildForProfiling = "YES"
            buildForArchiving = "YES"
            buildForAnalyzing = "YES">
            <BuildableReference
               BuildableIdentifier = "primary"
               BlueprintIdentifier = "7BC375B21934EF7B00087777"
               BuildableName = "dnsmasq"
               BlueprintName = "dnsmasq"
               ReferencedContainer = "container:dnsmasq.xcodeproj">
            </BuildableReference>
         </BuildActionEntry>
      </BuildActionEntries>
   </BuildAction>
   <TestAction
      selectedDebuggerIdentifier = "Xcode.DebuggerFoundation.Debugger.LLDB"
      selectedLauncherIdentifier = "Xcode.DebuggerFoundation.Launcher.LLDB"
      shouldUseLaunchSchemeArgsEnv = "YES"
      buildConfiguration = "Debug">
      <Testables>
      </Testables>
      <MacroExpansion>
         <BuildableReference
            BuildableIdentifier = "primary"
            BlueprintIdentifier = "7BC375B21934EF7B00087777"
            BuildableName = "dnsmasq"
            BlueprintName = "dnsmasq"
            ReferencedContainer = "container:dnsmasq.xcodeproj">
         </BuildableReference>
      </MacroExpansion>
   </TestAction>
   <LaunchAction
      selectedDebuggerIdentifier = "Xcode.DebuggerFoundation.Debugger.LLDB"
      selectedLauncherIdentifier = "Xcode.DebuggerFoundation.Launcher.LLDB"
      debugAsWhichUser = "root"
      launchStyle = "0"
      useCustomWorkingDirectory = "NO"
      buildConfiguration = "Debug"
      ignoresPersistentStateOnLaunch = "NO"
      debugDocumentVersioning = "YES"
      allowLocationSimulation = "YES"
      viewDebuggingEnabled = "No">
      <BuildableProductRunnable
         runnableDebuggingMode = "0">
         <BuildableReference
            BuildableIdentifier = "primary"
            BlueprintIdentifier = "7BC375B21934EF7B00087777"
            BuildableName = "dnsmasq"
            BlueprintName = "dnsmasq"
            ReferencedContainer = "container:dnsmasq.xcodeproj">
         </BuildableReference>
      </BuildableProductRunnable>
      <CommandLineArguments>
         <CommandLineArgument
            argument = "--keep-in-foreground"
            isEnabled = "YES">
         </CommandLineArgument>
         <CommandLineArgument
            argument = "--conf-file=/z/dnsmasq/contrib/libdnsmasq/dnsmasq.test.conf"
            isEnabled = "YES">
         </CommandLineArgument>
         <CommandLineArgument
            argument = "--conf-file=/usr/local/etc/dnsmasq.test.conf"
            isEnabled = "NO">
         </CommandLineArgument>
         <CommandLineArgument
            argument = "--conf-file=/Volumes/2T/ServiceData/git/dnsmasq/contrib/libdnsmasq/wpad.test.conf"
            isEnabled = "NO">
         </CommandLineArgument>
         <CommandLineArgument
            argument = "--log-queries --log-dhcp"
            isEnabled = "YES">
         </CommandLineArgument>
         <CommandLineArgument
            argument = "--log-facility=syslog"
            isEnabled = "YES">
         </CommandLineArgument>
      </CommandLineArguments>
      <AdditionalOptions>
      </AdditionalOptions>
   </LaunchAction>
   <ProfileAction
      shouldUseLaunchSchemeArgsEnv = "YES"
      savedToolIdentifier = ""
      useCustomWorkingDirectory = "NO"
      buildConfiguration = "Release"
      debugDocumentVersioning = "YES">
      <BuildableProductRunnable
         runnableDebuggingMode = "0">
         <BuildableReference
            BuildableIdentifier = "primary"
            BlueprintIdentifier = "7BC375B21934EF7B00087777"
            BuildableName = "dnsmasq"
            BlueprintName = "dnsmasq"
            ReferencedContainer = "container:dnsmasq.xcodeproj">
         </BuildableReference>
      </BuildableProductRunnable>
   </ProfileAction>
   <AnalyzeAction
      buildConfiguration = "Debug">
   </AnalyzeAction>
   <ArchiveAction
      buildConfiguration = "Release"
      revealArchiveInOrganizer = "YES">
   </ArchiveAction>
</Scheme>
